// !$*UTF8*$!
{
	archiveVersion = 1;
	classes = {
	};
	objectVersion = 52;
	objects = {

/* Begin PBXBuildFile section */
		AC0A8A2725C3F40100899A1C /* NotificationPermisisonView.swift in Sources */ = {isa = PBXBuildFile; fileRef = AC0A8A2625C3F40100899A1C /* NotificationPermisisonView.swift */; };
		AC0A8A2A25C4054E00899A1C /* LoadApplication.swift in Sources */ = {isa = PBXBuildFile; fileRef = AC0A8A2925C4054E00899A1C /* LoadApplication.swift */; };
		AC0A8A4225C462AC00899A1C /* WeatherAlert.swift in Sources */ = {isa = PBXBuildFile; fileRef = AC0A8A4125C462AC00899A1C /* WeatherAlert.swift */; };
		AC0A8A4525C462DB00899A1C /* WeatherInfo.swift in Sources */ = {isa = PBXBuildFile; fileRef = AC0A8A4425C462DB00899A1C /* WeatherInfo.swift */; };
		AC0A8A4925C462F900899A1C /* TypeOfTemp.swift in Sources */ = {isa = PBXBuildFile; fileRef = AC0A8A4825C462F900899A1C /* TypeOfTemp.swift */; };
		AC0FF62C25C11D2D0044FA9E /* RealmPersistentInitializer.swift in Sources */ = {isa = PBXBuildFile; fileRef = AC0FF62B25C11D2D0044FA9E /* RealmPersistentInitializer.swift */; };
		AC0FF63125C11F840044FA9E /* Realm in Frameworks */ = {isa = PBXBuildFile; productRef = AC0FF63025C11F840044FA9E /* Realm */; };
		AC0FF63325C11F840044FA9E /* RealmSwift in Frameworks */ = {isa = PBXBuildFile; productRef = AC0FF63225C11F840044FA9E /* RealmSwift */; };
		AC1BA3BF25C1675200E5C381 /* WeatherInfoDB.swift in Sources */ = {isa = PBXBuildFile; fileRef = AC1BA3BE25C1675200E5C381 /* WeatherInfoDB.swift */; };
		AC1BA3C325C16A7A00E5C381 /* WeatherInformationStore.swift in Sources */ = {isa = PBXBuildFile; fileRef = AC1BA3C225C16A7A00E5C381 /* WeatherInformationStore.swift */; };
		AC1BA3CB25C195DC00E5C381 /* API_Handler.swift in Sources */ = {isa = PBXBuildFile; fileRef = AC1BA3CA25C195DC00E5C381 /* API_Handler.swift */; };
		ACE5339A25BF24900072B583 /* ClimaApp.swift in Sources */ = {isa = PBXBuildFile; fileRef = ACE5339925BF24900072B583 /* ClimaApp.swift */; };
		ACE5339C25BF24900072B583 /* DashboardView.swift in Sources */ = {isa = PBXBuildFile; fileRef = ACE5339B25BF24900072B583 /* DashboardView.swift */; };
		ACE5339E25BF24910072B583 /* Assets.xcassets in Resources */ = {isa = PBXBuildFile; fileRef = ACE5339D25BF24910072B583 /* Assets.xcassets */; };
		ACE533A125BF24910072B583 /* Preview Assets.xcassets in Resources */ = {isa = PBXBuildFile; fileRef = ACE533A025BF24910072B583 /* Preview Assets.xcassets */; };
		ACF1CEFC25C2691300A6D10C /* DashboardViewModel.swift in Sources */ = {isa = PBXBuildFile; fileRef = ACF1CEFB25C2691200A6D10C /* DashboardViewModel.swift */; };
		ACF1CF0A25C276C700A6D10C /* Alamofire in Frameworks */ = {isa = PBXBuildFile; productRef = ACF1CF0925C276C700A6D10C /* Alamofire */; };
		ACF1CF0E25C2876A00A6D10C /* SwiftyJSON in Frameworks */ = {isa = PBXBuildFile; productRef = ACF1CF0D25C2876A00A6D10C /* SwiftyJSON */; };
		ACF1CF1125C2972900A6D10C /* Extension.swift in Sources */ = {isa = PBXBuildFile; fileRef = ACF1CF1025C2972900A6D10C /* Extension.swift */; };
		ACF1CF1A25C2C26C00A6D10C /* Repo.swift in Sources */ = {isa = PBXBuildFile; fileRef = ACF1CF1925C2C26C00A6D10C /* Repo.swift */; };
		ACF32C1425C31C9F00509088 /* NotificationManager.swift in Sources */ = {isa = PBXBuildFile; fileRef = ACF32C1325C31C9F00509088 /* NotificationManager.swift */; };
/* End PBXBuildFile section */

/* Begin PBXFileReference section */
		AC0A8A2625C3F40100899A1C /* NotificationPermisisonView.swift */ = {isa = PBXFileReference; lastKnownFileType = sourcecode.swift; path = NotificationPermisisonView.swift; sourceTree = "<group>"; };
		AC0A8A2925C4054E00899A1C /* LoadApplication.swift */ = {isa = PBXFileReference; lastKnownFileType = sourcecode.swift; path = LoadApplication.swift; sourceTree = "<group>"; };
		AC0A8A4125C462AC00899A1C /* WeatherAlert.swift */ = {isa = PBXFileReference; lastKnownFileType = sourcecode.swift; path = WeatherAlert.swift; sourceTree = "<group>"; };
		AC0A8A4425C462DB00899A1C /* WeatherInfo.swift */ = {isa = PBXFileReference; lastKnownFileType = sourcecode.swift; path = WeatherInfo.swift; sourceTree = "<group>"; };
		AC0A8A4825C462F900899A1C /* TypeOfTemp.swift */ = {isa = PBXFileReference; lastKnownFileType = sourcecode.swift; path = TypeOfTemp.swift; sourceTree = "<group>"; };
		AC0FF62B25C11D2D0044FA9E /* RealmPersistentInitializer.swift */ = {isa = PBXFileReference; lastKnownFileType = sourcecode.swift; path = RealmPersistentInitializer.swift; sourceTree = "<group>"; };
		AC1BA3BE25C1675200E5C381 /* WeatherInfoDB.swift */ = {isa = PBXFileReference; lastKnownFileType = sourcecode.swift; path = WeatherInfoDB.swift; sourceTree = "<group>"; };
		AC1BA3C225C16A7A00E5C381 /* WeatherInformationStore.swift */ = {isa = PBXFileReference; lastKnownFileType = sourcecode.swift; path = WeatherInformationStore.swift; sourceTree = "<group>"; };
		AC1BA3CA25C195DC00E5C381 /* API_Handler.swift */ = {isa = PBXFileReference; lastKnownFileType = sourcecode.swift; path = API_Handler.swift; sourceTree = "<group>"; };
		ACE5339625BF24900072B583 /* Clima.app */ = {isa = PBXFileReference; explicitFileType = wrapper.application; includeInIndex = 0; path = Clima.app; sourceTree = BUILT_PRODUCTS_DIR; };
		ACE5339925BF24900072B583 /* ClimaApp.swift */ = {isa = PBXFileReference; lastKnownFileType = sourcecode.swift; path = ClimaApp.swift; sourceTree = "<group>"; };
		ACE5339B25BF24900072B583 /* DashboardView.swift */ = {isa = PBXFileReference; lastKnownFileType = sourcecode.swift; path = DashboardView.swift; sourceTree = "<group>"; };
		ACE5339D25BF24910072B583 /* Assets.xcassets */ = {isa = PBXFileReference; lastKnownFileType = folder.assetcatalog; path = Assets.xcassets; sourceTree = "<group>"; };
		ACE533A025BF24910072B583 /* Preview Assets.xcassets */ = {isa = PBXFileReference; lastKnownFileType = folder.assetcatalog; path = "Preview Assets.xcassets"; sourceTree = "<group>"; };
		ACE533A225BF24910072B583 /* Info.plist */ = {isa = PBXFileReference; lastKnownFileType = text.plist.xml; path = Info.plist; sourceTree = "<group>"; };
		ACF1CEFB25C2691200A6D10C /* DashboardViewModel.swift */ = {isa = PBXFileReference; lastKnownFileType = sourcecode.swift; path = DashboardViewModel.swift; sourceTree = "<group>"; };
		ACF1CF1025C2972900A6D10C /* Extension.swift */ = {isa = PBXFileReference; lastKnownFileType = sourcecode.swift; path = Extension.swift; sourceTree = "<group>"; };
		ACF1CF1925C2C26C00A6D10C /* Repo.swift */ = {isa = PBXFileReference; lastKnownFileType = sourcecode.swift; path = Repo.swift; sourceTree = "<group>"; };
		ACF32C1325C31C9F00509088 /* NotificationManager.swift */ = {isa = PBXFileReference; lastKnownFileType = sourcecode.swift; path = NotificationManager.swift; sourceTree = "<group>"; };
/* End PBXFileReference section */

/* Begin PBXFrameworksBuildPhase section */
		ACE5339325BF24900072B583 /* Frameworks */ = {
			isa = PBXFrameworksBuildPhase;
			buildActionMask = 2147483647;
			files = (
				ACF1CF0A25C276C700A6D10C /* Alamofire in Frameworks */,
				AC0FF63325C11F840044FA9E /* RealmSwift in Frameworks */,
				ACF1CF0E25C2876A00A6D10C /* SwiftyJSON in Frameworks */,
				AC0FF63125C11F840044FA9E /* Realm in Frameworks */,
			);
			runOnlyForDeploymentPostprocessing = 0;
		};
/* End PBXFrameworksBuildPhase section */

/* Begin PBXGroup section */
		AC0FF63525C11FC90044FA9E /* Models */ = {
			isa = PBXGroup;
			children = (
				AC1BA3BE25C1675200E5C381 /* WeatherInfoDB.swift */,
				AC0A8A4125C462AC00899A1C /* WeatherAlert.swift */,
				AC0A8A4825C462F900899A1C /* TypeOfTemp.swift */,
				AC0A8A4425C462DB00899A1C /* WeatherInfo.swift */,
			);
			path = Models;
			sourceTree = "<group>";
		};
		AC0FF64625C146C50044FA9E /* ViewModel */ = {
			isa = PBXGroup;
			children = (
				ACF1CEFB25C2691200A6D10C /* DashboardViewModel.swift */,
				ACF32C1325C31C9F00509088 /* NotificationManager.swift */,
			);
			path = ViewModel;
			sourceTree = "<group>";
		};
		AC1BA3C925C195CE00E5C381 /* Repo */ = {
			isa = PBXGroup;
			children = (
				ACF1CF1925C2C26C00A6D10C /* Repo.swift */,
				AC1BA3CA25C195DC00E5C381 /* API_Handler.swift */,
				AC1BA3C225C16A7A00E5C381 /* WeatherInformationStore.swift */,
				AC0FF62B25C11D2D0044FA9E /* RealmPersistentInitializer.swift */,
			);
			path = Repo;
			sourceTree = "<group>";
		};
		ACE5338D25BF24900072B583 = {
			isa = PBXGroup;
			children = (
				ACE5339825BF24900072B583 /* Clima */,
				ACE5339725BF24900072B583 /* Products */,
			);
			sourceTree = "<group>";
		};
		ACE5339725BF24900072B583 /* Products */ = {
			isa = PBXGroup;
			children = (
				ACE5339625BF24900072B583 /* Clima.app */,
			);
			name = Products;
			sourceTree = "<group>";
		};
		ACE5339825BF24900072B583 /* Clima */ = {
			isa = PBXGroup;
			children = (
				ACE5339925BF24900072B583 /* ClimaApp.swift */,
				ACF1CF1025C2972900A6D10C /* Extension.swift */,
				AC1BA3C925C195CE00E5C381 /* Repo */,
				AC0FF63525C11FC90044FA9E /* Models */,
				ACF1CEFE25C26D9700A6D10C /* Views */,
				AC0FF64625C146C50044FA9E /* ViewModel */,
				ACE5339D25BF24910072B583 /* Assets.xcassets */,
				ACE533A225BF24910072B583 /* Info.plist */,
				ACE5339F25BF24910072B583 /* Preview Content */,
			);
			path = Clima;
			sourceTree = "<group>";
		};
		ACE5339F25BF24910072B583 /* Preview Content */ = {
			isa = PBXGroup;
			children = (
				ACE533A025BF24910072B583 /* Preview Assets.xcassets */,
			);
			path = "Preview Content";
			sourceTree = "<group>";
		};
		ACF1CEFE25C26D9700A6D10C /* Views */ = {
			isa = PBXGroup;
			children = (
				ACE5339B25BF24900072B583 /* DashboardView.swift */,
				AC0A8A2625C3F40100899A1C /* NotificationPermisisonView.swift */,
				AC0A8A2925C4054E00899A1C /* LoadApplication.swift */,
			);
			path = Views;
			sourceTree = "<group>";
		};
/* End PBXGroup section */

/* Begin PBXNativeTarget section */
		ACE5339525BF24900072B583 /* Clima */ = {
			isa = PBXNativeTarget;
			buildConfigurationList = ACE533A525BF24910072B583 /* Build configuration list for PBXNativeTarget "Clima" */;
			buildPhases = (
				ACE5339225BF24900072B583 /* Sources */,
				ACE5339325BF24900072B583 /* Frameworks */,
				ACE5339425BF24900072B583 /* Resources */,
			);
			buildRules = (
			);
			dependencies = (
			);
			name = Clima;
			packageProductDependencies = (
				AC0FF63025C11F840044FA9E /* Realm */,
				AC0FF63225C11F840044FA9E /* RealmSwift */,
				ACF1CF0925C276C700A6D10C /* Alamofire */,
				ACF1CF0D25C2876A00A6D10C /* SwiftyJSON */,
			);
			productName = Clima;
			productReference = ACE5339625BF24900072B583 /* Clima.app */;
			productType = "com.apple.product-type.application";
		};
/* End PBXNativeTarget section */

/* Begin PBXProject section */
		ACE5338E25BF24900072B583 /* Project object */ = {
			isa = PBXProject;
			attributes = {
				LastSwiftUpdateCheck = 1230;
				LastUpgradeCheck = 1230;
				TargetAttributes = {
					ACE5339525BF24900072B583 = {
						CreatedOnToolsVersion = 12.3;
					};
				};
			};
			buildConfigurationList = ACE5339125BF24900072B583 /* Build configuration list for PBXProject "Clima" */;
			compatibilityVersion = "Xcode 9.3";
			developmentRegion = en;
			hasScannedForEncodings = 0;
			knownRegions = (
				en,
				Base,
			);
			mainGroup = ACE5338D25BF24900072B583;
			packageReferences = (
				AC0FF62F25C11F840044FA9E /* XCRemoteSwiftPackageReference "realm-cocoa" */,
				ACF1CF0825C276C700A6D10C /* XCRemoteSwiftPackageReference "Alamofire" */,
				ACF1CF0C25C2876A00A6D10C /* XCRemoteSwiftPackageReference "SwiftyJSON" */,
			);
			productRefGroup = ACE5339725BF24900072B583 /* Products */;
			projectDirPath = "";
			projectRoot = "";
			targets = (
				ACE5339525BF24900072B583 /* Clima */,
			);
		};
/* End PBXProject section */

/* Begin PBXResourcesBuildPhase section */
		ACE5339425BF24900072B583 /* Resources */ = {
			isa = PBXResourcesBuildPhase;
			buildActionMask = 2147483647;
			files = (
				ACE533A125BF24910072B583 /* Preview Assets.xcassets in Resources */,
				ACE5339E25BF24910072B583 /* Assets.xcassets in Resources */,
			);
			runOnlyForDeploymentPostprocessing = 0;
		};
/* End PBXResourcesBuildPhase section */

/* Begin PBXSourcesBuildPhase section */
		ACE5339225BF24900072B583 /* Sources */ = {
			isa = PBXSourcesBuildPhase;
			buildActionMask = 2147483647;
			files = (
				AC0A8A4525C462DB00899A1C /* WeatherInfo.swift in Sources */,
				AC0A8A2A25C4054E00899A1C /* LoadApplication.swift in Sources */,
				AC1BA3BF25C1675200E5C381 /* WeatherInfoDB.swift in Sources */,
				ACE5339C25BF24900072B583 /* DashboardView.swift in Sources */,
				ACF32C1425C31C9F00509088 /* NotificationManager.swift in Sources */,
				AC1BA3CB25C195DC00E5C381 /* API_Handler.swift in Sources */,
				AC0A8A4925C462F900899A1C /* TypeOfTemp.swift in Sources */,
				ACE5339A25BF24900072B583 /* ClimaApp.swift in Sources */,
				AC0FF62C25C11D2D0044FA9E /* RealmPersistentInitializer.swift in Sources */,
				AC0A8A4225C462AC00899A1C /* WeatherAlert.swift in Sources */,
				AC0A8A2725C3F40100899A1C /* NotificationPermisisonView.swift in Sources */,
				AC1BA3C325C16A7A00E5C381 /* WeatherInformationStore.swift in Sources */,
				ACF1CF1A25C2C26C00A6D10C /* Repo.swift in Sources */,
				ACF1CEFC25C2691300A6D10C /* DashboardViewModel.swift in Sources */,
				ACF1CF1125C2972900A6D10C /* Extension.swift in Sources */,
			);
			runOnlyForDeploymentPostprocessing = 0;
		};
/* End PBXSourcesBuildPhase section */

/* Begin XCBuildConfiguration section */
		ACE533A325BF24910072B583 /* Debug */ = {
			isa = XCBuildConfiguration;
			buildSettings = {
				ALWAYS_SEARCH_USER_PATHS = NO;
				CLANG_ANALYZER_NONNULL = YES;
				CLANG_ANALYZER_NUMBER_OBJECT_CONVERSION = YES_AGGRESSIVE;
				CLANG_CXX_LANGUAGE_STANDARD = "gnu++14";
				CLANG_CXX_LIBRARY = "libc++";
				CLANG_ENABLE_MODULES = YES;
				CLANG_ENABLE_OBJC_ARC = YES;
				CLANG_ENABLE_OBJC_WEAK = YES;
				CLANG_WARN_BLOCK_CAPTURE_AUTORELEASING = YES;
				CLANG_WARN_BOOL_CONVERSION = YES;
				CLANG_WARN_COMMA = YES;
				CLANG_WARN_CONSTANT_CONVERSION = YES;
				CLANG_WARN_DEPRECATED_OBJC_IMPLEMENTATIONS = YES;
				CLANG_WARN_DIRECT_OBJC_ISA_USAGE = YES_ERROR;
				CLANG_WARN_DOCUMENTATION_COMMENTS = YES;
				CLANG_WARN_EMPTY_BODY = YES;
				CLANG_WARN_ENUM_CONVERSION = YES;
				CLANG_WARN_INFINITE_RECURSION = YES;
				CLANG_WARN_INT_CONVERSION = YES;
				CLANG_WARN_NON_LITERAL_NULL_CONVERSION = YES;
				CLANG_WARN_OBJC_IMPLICIT_RETAIN_SELF = YES;
				CLANG_WARN_OBJC_LITERAL_CONVERSION = YES;
				CLANG_WARN_OBJC_ROOT_CLASS = YES_ERROR;
				CLANG_WARN_QUOTED_INCLUDE_IN_FRAMEWORK_HEADER = YES;
				CLANG_WARN_RANGE_LOOP_ANALYSIS = YES;
				CLANG_WARN_STRICT_PROTOTYPES = YES;
				CLANG_WARN_SUSPICIOUS_MOVE = YES;
				CLANG_WARN_UNGUARDED_AVAILABILITY = YES_AGGRESSIVE;
				CLANG_WARN_UNREACHABLE_CODE = YES;
				CLANG_WARN__DUPLICATE_METHOD_MATCH = YES;
				COPY_PHASE_STRIP = NO;
				DEBUG_INFORMATION_FORMAT = dwarf;
				ENABLE_STRICT_OBJC_MSGSEND = YES;
				ENABLE_TESTABILITY = YES;
				EXCLUDED_ARCHS = "";
				GCC_C_LANGUAGE_STANDARD = gnu11;
				GCC_DYNAMIC_NO_PIC = NO;
				GCC_NO_COMMON_BLOCKS = YES;
				GCC_OPTIMIZATION_LEVEL = 0;
				GCC_PREPROCESSOR_DEFINITIONS = (
					"DEBUG=1",
					"$(inherited)",
				);
				GCC_WARN_64_TO_32_BIT_CONVERSION = YES;
				GCC_WARN_ABOUT_RETURN_TYPE = YES_ERROR;
				GCC_WARN_UNDECLARED_SELECTOR = YES;
				GCC_WARN_UNINITIALIZED_AUTOS = YES_AGGRESSIVE;
				GCC_WARN_UNUSED_FUNCTION = YES;
				GCC_WARN_UNUSED_VARIABLE = YES;
				IPHONEOS_DEPLOYMENT_TARGET = 14.3;
				MTL_ENABLE_DEBUG_INFO = INCLUDE_SOURCE;
				MTL_FAST_MATH = YES;
				ONLY_ACTIVE_ARCH = YES;
				SDKROOT = iphoneos;
				SWIFT_ACTIVE_COMPILATION_CONDITIONS = DEBUG;
				SWIFT_OPTIMIZATION_LEVEL = "-Onone";
			};
			name = Debug;
		};
		ACE533A425BF24910072B583 /* Release */ = {
			isa = XCBuildConfiguration;
			buildSettings = {
				ALWAYS_SEARCH_USER_PATHS = NO;
				CLANG_ANALYZER_NONNULL = YES;
				CLANG_ANALYZER_NUMBER_OBJECT_CONVERSION = YES_AGGRESSIVE;
				CLANG_CXX_LANGUAGE_STANDARD = "gnu++14";
				CLANG_CXX_LIBRARY = "libc++";
				CLANG_ENABLE_MODULES = YES;
				CLANG_ENABLE_OBJC_ARC = YES;
				CLANG_ENABLE_OBJC_WEAK = YES;
				CLANG_WARN_BLOCK_CAPTURE_AUTORELEASING = YES;
				CLANG_WARN_BOOL_CONVERSION = YES;
				CLANG_WARN_COMMA = YES;
				CLANG_WARN_CONSTANT_CONVERSION = YES;
				CLANG_WARN_DEPRECATED_OBJC_IMPLEMENTATIONS = YES;
				CLANG_WARN_DIRECT_OBJC_ISA_USAGE = YES_ERROR;
				CLANG_WARN_DOCUMENTATION_COMMENTS = YES;
				CLANG_WARN_EMPTY_BODY = YES;
				CLANG_WARN_ENUM_CONVERSION = YES;
				CLANG_WARN_INFINITE_RECURSION = YES;
				CLANG_WARN_INT_CONVERSION = YES;
				CLANG_WARN_NON_LITERAL_NULL_CONVERSION = YES;
				CLANG_WARN_OBJC_IMPLICIT_RETAIN_SELF = YES;
				CLANG_WARN_OBJC_LITERAL_CONVERSION = YES;
				CLANG_WARN_OBJC_ROOT_CLASS = YES_ERROR;
				CLANG_WARN_QUOTED_INCLUDE_IN_FRAMEWORK_HEADER = YES;
				CLANG_WARN_RANGE_LOOP_ANALYSIS = YES;
				CLANG_WARN_STRICT_PROTOTYPES = YES;
				CLANG_WARN_SUSPICIOUS_MOVE = YES;
				CLANG_WARN_UNGUARDED_AVAILABILITY = YES_AGGRESSIVE;
				CLANG_WARN_UNREACHABLE_CODE = YES;
				CLANG_WARN__DUPLICATE_METHOD_MATCH = YES;
				COPY_PHASE_STRIP = NO;
				DEBUG_INFORMATION_FORMAT = "dwarf-with-dsym";
				ENABLE_NS_ASSERTIONS = NO;
				ENABLE_STRICT_OBJC_MSGSEND = YES;
				EXCLUDED_ARCHS = "";
				GCC_C_LANGUAGE_STANDARD = gnu11;
				GCC_NO_COMMON_BLOCKS = YES;
				GCC_WARN_64_TO_32_BIT_CONVERSION = YES;
				GCC_WARN_ABOUT_RETURN_TYPE = YES_ERROR;
				GCC_WARN_UNDECLARED_SELECTOR = YES;
				GCC_WARN_UNINITIALIZED_AUTOS = YES_AGGRESSIVE;
				GCC_WARN_UNUSED_FUNCTION = YES;
				GCC_WARN_UNUSED_VARIABLE = YES;
				IPHONEOS_DEPLOYMENT_TARGET = 14.3;
				MTL_ENABLE_DEBUG_INFO = NO;
				MTL_FAST_MATH = YES;
				SDKROOT = iphoneos;
				SWIFT_COMPILATION_MODE = wholemodule;
				SWIFT_OPTIMIZATION_LEVEL = "-O";
				VALIDATE_PRODUCT = YES;
			};
			name = Release;
		};
		ACE533A625BF24910072B583 /* Debug */ = {
			isa = XCBuildConfiguration;
			buildSettings = {
				ASSETCATALOG_COMPILER_APPICON_NAME = AppIcon;
				ASSETCATALOG_COMPILER_GLOBAL_ACCENT_COLOR_NAME = AccentColor;
				CODE_SIGN_STYLE = Automatic;
				DEVELOPMENT_ASSET_PATHS = "\"Clima/Preview Content\"";
				DEVELOPMENT_TEAM = 898D22Z9A6;
				ENABLE_PREVIEWS = YES;
				INFOPLIST_FILE = Clima/Info.plist;
				IPHONEOS_DEPLOYMENT_TARGET = 14.0;
				LD_RUNPATH_SEARCH_PATHS = (
					"$(inherited)",
					"@executable_path/Frameworks",
				);
				PRODUCT_BUNDLE_IDENTIFIER = CodeWithMugish.Climako;
				PRODUCT_NAME = "$(TARGET_NAME)";
				SWIFT_VERSION = 5.0;
				TARGETED_DEVICE_FAMILY = "1,2";
			};
			name = Debug;
		};
		ACE533A725BF24910072B583 /* Release */ = {
			isa = XCBuildConfiguration;
			buildSettings = {
				ASSETCATALOG_COMPILER_APPICON_NAME = AppIcon;
				ASSETCATALOG_COMPILER_GLOBAL_ACCENT_COLOR_NAME = AccentColor;
				CODE_SIGN_STYLE = Automatic;
				DEVELOPMENT_ASSET_PATHS = "\"Clima/Preview Content\"";
				DEVELOPMENT_TEAM = 898D22Z9A6;
				ENABLE_PREVIEWS = YES;
				INFOPLIST_FILE = Clima/Info.plist;
				IPHONEOS_DEPLOYMENT_TARGET = 14.0;
				LD_RUNPATH_SEARCH_PATHS = (
					"$(inherited)",
					"@executable_path/Frameworks",
				);
				PRODUCT_BUNDLE_IDENTIFIER = CodeWithMugish.Climako;
				PRODUCT_NAME = "$(TARGET_NAME)";
				SWIFT_VERSION = 5.0;
				TARGETED_DEVICE_FAMILY = "1,2";
			};
			name = Release;
		};
/* End XCBuildConfiguration section */

/* Begin XCConfigurationList section */
		ACE5339125BF24900072B583 /* Build configuration list for PBXProject "Clima" */ = {
			isa = XCConfigurationList;
			buildConfigurations = (
				ACE533A325BF24910072B583 /* Debug */,
				ACE533A425BF24910072B583 /* Release */,
			);
			defaultConfigurationIsVisible = 0;
			defaultConfigurationName = Release;
		};
		ACE533A525BF24910072B583 /* Build configuration list for PBXNativeTarget "Clima" */ = {
			isa = XCConfigurationList;
			buildConfigurations = (
				ACE533A625BF24910072B583 /* Debug */,
				ACE533A725BF24910072B583 /* Release */,
			);
			defaultConfigurationIsVisible = 0;
			defaultConfigurationName = Release;
		};
/* End XCConfigurationList section */

/* Begin XCRemoteSwiftPackageReference section */
		AC0FF62F25C11F840044FA9E /* XCRemoteSwiftPackageReference "realm-cocoa" */ = {
			isa = XCRemoteSwiftPackageReference;
			repositoryURL = "https://github.com/realm/realm-cocoa.git";
			requirement = {
				kind = upToNextMajorVersion;
				minimumVersion = 10.5.1;
			};
		};
		ACF1CF0825C276C700A6D10C /* XCRemoteSwiftPackageReference "Alamofire" */ = {
			isa = XCRemoteSwiftPackageReference;
			repositoryURL = "https://github.com/Alamofire/Alamofire";
			requirement = {
				kind = upToNextMajorVersion;
				minimumVersion = 5.4.1;
			};
		};
		ACF1CF0C25C2876A00A6D10C /* XCRemoteSwiftPackageReference "SwiftyJSON" */ = {
			isa = XCRemoteSwiftPackageReference;
			repositoryURL = "https://github.com/SwiftyJSON/SwiftyJSON";
			requirement = {
				kind = upToNextMajorVersion;
				minimumVersion = 5.0.0;
			};
		};
/* End XCRemoteSwiftPackageReference section */

/* Begin XCSwiftPackageProductDependency section */
		AC0FF63025C11F840044FA9E /* Realm */ = {
			isa = XCSwiftPackageProductDependency;
			package = AC0FF62F25C11F840044FA9E /* XCRemoteSwiftPackageReference "realm-cocoa" */;
			productName = Realm;
		};
		AC0FF63225C11F840044FA9E /* RealmSwift */ = {
			isa = XCSwiftPackageProductDependency;
			package = AC0FF62F25C11F840044FA9E /* XCRemoteSwiftPackageReference "realm-cocoa" */;
			productName = RealmSwift;
		};
		ACF1CF0925C276C700A6D10C /* Alamofire */ = {
			isa = XCSwiftPackageProductDependency;
			package = ACF1CF0825C276C700A6D10C /* XCRemoteSwiftPackageReference "Alamofire" */;
			productName = Alamofire;
		};
		ACF1CF0D25C2876A00A6D10C /* SwiftyJSON */ = {
			isa = XCSwiftPackageProductDependency;
			package = ACF1CF0C25C2876A00A6D10C /* XCRemoteSwiftPackageReference "SwiftyJSON" */;
			productName = SwiftyJSON;
		};
/* End XCSwiftPackageProductDependency section */
	};
	rootObject = ACE5338E25BF24900072B583 /* Project object */;
}
